{
  "name": "@warren-bank/Android-NodeJS-Frontend",
  "requires": true,
  "lockfileVersion": 1,
  "dependencies": {
    "@warren-bank/ibm-watson-language-translator": {
      "version": "1.0.0",
      "resolved": "https://registry.npmjs.org/@warren-bank/ibm-watson-language-translator/-/ibm-watson-language-translator-1.0.0.tgz",
      "integrity": "sha512-K4KJorAm4K6YKljBIrmE2j7wP72z7nlfrppC0OKTs7tP+iMInZ6lYhhPIzp7MlsX/K0lt1sYZ2EsuWy+R0ffiA==",
      "dev": true,
      "requires": {
        "@warren-bank/node-process-argv": "^1.1.0"
      }
    },
    "@warren-bank/node-process-argv": {
      "version": "1.1.0",
      "resolved": "https://registry.npmjs.org/@warren-bank/node-process-argv/-/node-process-argv-1.1.0.tgz",
      "integrity": "sha512-81pXPEVDhM+HQNlXgj/Aa4ZQSXQfX79tvd8nPuHXTEMJ6pnvahiTh/4jkNwQrIznecIDZM+MFt6i2IZmeiYrvA==",
      "dev": true
    },
    "@warren-bank/translate-android-strings": {
      "version": "1.7.3",
      "resolved": "https://registry.npmjs.org/@warren-bank/translate-android-strings/-/translate-android-strings-1.7.3.tgz",
      "integrity": "sha512-IZBcHHBOsYxhq/8r6usWF0oK1Y576Iqp0xC7EBVO2FQDQxkZ6ea3RIwfkBI71AhaTi5KHum+Zy8vuvAQBe3ArQ==",
      "dev": true,
      "requires": {
        "@warren-bank/ibm-watson-language-translator": "^1.0.0",
        "@warren-bank/node-process-argv": "^1.1.0"
      }
    }
  }
}
